<?xml version="1.0" encoding="utf-8"?>
<Project ToolsVersion="4.0" xmlns="http://schemas.microsoft.com/developer/msbuild/2003">
  <ItemGroup>
    <Filter Include="Source Files">
      <UniqueIdentifier>{4FC737F1-C7A5-4376-A066-2A32D752A2FF}</UniqueIdentifier>
      <Extensions>cpp;c;cc;cxx;def;odl;idl;hpj;bat;asm;asmx</Extensions>
    </Filter>
    <Filter Include="Header Files">
      <UniqueIdentifier>{93995380-89BD-4b04-88EB-625FBE52EBFB}</UniqueIdentifier>
      <Extensions>h;hh;hpp;hxx;hm;inl;inc;xsd</Extensions>
    </Filter>
    <Filter Include="Resource Files">
      <UniqueIdentifier>{67DA6AB6-F800-4c08-8B7A-83BB121AAD01}</UniqueIdentifier>
      <Extensions>rc;ico;cur;bmp;dlg;rc2;rct;bin;rgs;gif;jpg;jpeg;jpe;resx;tiff;tif;png;wav;mfcribbon-ms</Extensions>
    </Filter>
    <Filter Include="Source Files\Shaders">
      <UniqueIdentifier>{56a0b4d1-886f-44d3-8c13-9bb6a05cdec5}</UniqueIdentifier>
    </Filter>
    <Filter Include="Source Files\Indicators">
      <UniqueIdentifier>{ae355636-1843-4a31-a653-8c1e34a9ba69}</UniqueIdentifier>
    </Filter>
    <Filter Include="Header Files\Indicators Headers">
      <UniqueIdentifier>{d0896625-d4f6-4c3c-814c-5f197cbf1b90}</UniqueIdentifier>
    </Filter>
    <Filter Include="Header Files\Sound">
      <UniqueIdentifier>{de905d13-034b-4aff-be79-e104389f2349}</UniqueIdentifier>
    </Filter>
    <Filter Include="Source Files\Sound">
      <UniqueIdentifier>{dc98f182-cf94-4050-a04c-149a3deac2a1}</UniqueIdentifier>
    </Filter>
    <Filter Include="Source Files\Texture">
      <UniqueIdentifier>{f9d687d8-cb91-4d35-98f2-3dccc148e83b}</UniqueIdentifier>
    </Filter>
    <Filter Include="Header Files\Texture">
      <UniqueIdentifier>{4d974624-ff89-4e16-9443-a433e6d51adf}</UniqueIdentifier>
    </Filter>
    <Filter Include="Header Files\Light">
      <UniqueIdentifier>{b749fa46-79a3-4558-8866-f41e268b9203}</UniqueIdentifier>
    </Filter>
    <Filter Include="Source Files\Light">
      <UniqueIdentifier>{26b29f9b-ce47-40a6-8cc7-57708b9f6876}</UniqueIdentifier>
    </Filter>
  </ItemGroup>
  <ItemGroup>
    <Text Include="ReadMe.txt" />
  </ItemGroup>
  <ItemGroup>
    <ClInclude Include="systemclass.h">
      <Filter>Header Files</Filter>
    </ClInclude>
    <ClInclude Include="inputclass.h">
      <Filter>Header Files</Filter>
    </ClInclude>
    <ClInclude Include="d3dclass.h">
      <Filter>Header Files</Filter>
    </ClInclude>
    <ClInclude Include="applicationclass.h">
      <Filter>Header Files</Filter>
    </ClInclude>
    <ClInclude Include="zoneclass.h">
      <Filter>Header Files</Filter>
    </ClInclude>
    <ClInclude Include="terrainclass.h">
      <Filter>Header Files</Filter>
    </ClInclude>
    <ClInclude Include="positionclass.h">
      <Filter>Header Files</Filter>
    </ClInclude>
    <ClInclude Include="shadermanagerclass.h">
      <Filter>Header Files</Filter>
    </ClInclude>
    <ClInclude Include="userinterfaceclass.h">
      <Filter>Header Files</Filter>
    </ClInclude>
    <ClInclude Include="cameraclass.h">
      <Filter>Header Files</Filter>
    </ClInclude>
    <ClInclude Include="colorshaderclass.h">
      <Filter>Header Files</Filter>
    </ClInclude>
    <ClInclude Include="fontshaderclass.h">
      <Filter>Header Files</Filter>
    </ClInclude>
    <ClInclude Include="fontclass.h">
      <Filter>Header Files</Filter>
    </ClInclude>
    <ClInclude Include="textureclass.h">
      <Filter>Header Files</Filter>
    </ClInclude>
    <ClInclude Include="textclass.h">
      <Filter>Header Files</Filter>
    </ClInclude>
    <ClInclude Include="fpsclass.h">
      <Filter>Header Files\Indicators Headers</Filter>
    </ClInclude>
    <ClInclude Include="cpuclass.h">
      <Filter>Header Files\Indicators Headers</Filter>
    </ClInclude>
    <ClInclude Include="timerclass.h">
      <Filter>Header Files\Indicators Headers</Filter>
    </ClInclude>
    <ClInclude Include="soundclass.h">
      <Filter>Header Files\Sound</Filter>
    </ClInclude>
    <ClInclude Include="texturemanagerclass.h">
      <Filter>Header Files\Texture</Filter>
    </ClInclude>
    <ClInclude Include="textureshaderclass.h">
      <Filter>Header Files\Texture</Filter>
    </ClInclude>
    <ClInclude Include="lightshaderclass.h">
      <Filter>Header Files\Light</Filter>
    </ClInclude>
    <ClInclude Include="lightclass.h">
      <Filter>Header Files\Light</Filter>
    </ClInclude>
    <ClInclude Include="terrainShaderClass.h">
      <Filter>Header Files\Texture</Filter>
    </ClInclude>
  </ItemGroup>
  <ItemGroup>
    <ClCompile Include="3DApp.cpp">
      <Filter>Source Files</Filter>
    </ClCompile>
    <ClCompile Include="Systemclass.cpp">
      <Filter>Source Files</Filter>
    </ClCompile>
    <ClCompile Include="Inputclass.cpp">
      <Filter>Source Files</Filter>
    </ClCompile>
    <ClCompile Include="D3dclass.cpp">
      <Filter>Source Files</Filter>
    </ClCompile>
    <ClCompile Include="Applicationclass.cpp">
      <Filter>Source Files</Filter>
    </ClCompile>
    <ClCompile Include="Zoneclass.cpp">
      <Filter>Source Files</Filter>
    </ClCompile>
    <ClCompile Include="Terrainclass.cpp">
      <Filter>Source Files</Filter>
    </ClCompile>
    <ClCompile Include="Positionclass.cpp">
      <Filter>Source Files</Filter>
    </ClCompile>
    <ClCompile Include="Colorshaderclass.cpp">
      <Filter>Source Files</Filter>
    </ClCompile>
    <ClCompile Include="Cameraclass.cpp">
      <Filter>Source Files</Filter>
    </ClCompile>
    <ClCompile Include="Shadermanagerclass.cpp">
      <Filter>Source Files</Filter>
    </ClCompile>
    <ClCompile Include="Fontshaderclass.cpp">
      <Filter>Source Files</Filter>
    </ClCompile>
    <ClCompile Include="Fontclass.cpp">
      <Filter>Source Files</Filter>
    </ClCompile>
    <ClCompile Include="Userinterfaceclass.cpp">
      <Filter>Source Files</Filter>
    </ClCompile>
    <ClCompile Include="Textclass.cpp">
      <Filter>Source Files</Filter>
    </ClCompile>
    <ClCompile Include="Textureclass.cpp">
      <Filter>Source Files</Filter>
    </ClCompile>
    <ClCompile Include="Fpsclass.cpp">
      <Filter>Source Files\Indicators</Filter>
    </ClCompile>
    <ClCompile Include="Cpuclass.cpp">
      <Filter>Source Files\Indicators</Filter>
    </ClCompile>
    <ClCompile Include="Timerclass.cpp">
      <Filter>Source Files\Indicators</Filter>
    </ClCompile>
    <ClCompile Include="Soundclass.cpp">
      <Filter>Source Files\Sound</Filter>
    </ClCompile>
    <ClCompile Include="Textureshaderclass.cpp">
      <Filter>Source Files\Texture</Filter>
    </ClCompile>
    <ClCompile Include="Texturemanagerclass.cpp">
      <Filter>Source Files\Texture</Filter>
    </ClCompile>
    <ClCompile Include="Lightshaderclass.cpp">
      <Filter>Source Files\Light</Filter>
    </ClCompile>
    <ClCompile Include="lightclass.cpp">
      <Filter>Source Files\Light</Filter>
    </ClCompile>
    <ClCompile Include="Terrainshaderclass.cpp">
      <Filter>Source Files\Texture</Filter>
    </ClCompile>
  </ItemGroup>
  <ItemGroup>
    <FxCompile Include="Color.vs">
      <Filter>Source Files\Shaders</Filter>
    </FxCompile>
    <FxCompile Include="Color.ps">
      <Filter>Source Files\Shaders</Filter>
    </FxCompile>
    <FxCompile Include="Font.ps">
      <Filter>Source Files\Shaders</Filter>
    </FxCompile>
    <FxCompile Include="Font.vs">
      <Filter>Source Files\Shaders</Filter>
    </FxCompile>
    <FxCompile Include="Terrain.vs">
      <Filter>Source Files\Shaders</Filter>
    </FxCompile>
  </ItemGroup>
  <ItemGroup>
    <None Include="Terrain.ps">
      <Filter>Source Files\Shaders</Filter>
    </None>
    <None Include="Light.ps">
      <Filter>Source Files\Shaders</Filter>
    </None>
    <None Include="Light.vs">
      <Filter>Source Files\Shaders</Filter>
    </None>
    <None Include="Texture.vs">
      <Filter>Source Files\Shaders</Filter>
    </None>
    <None Include="Texture.ps">
      <Filter>Source Files\Shaders</Filter>
    </None>
  </ItemGroup>
</Project>